// !$*UTF8*$!
{
	archiveVersion = 1;
	classes = {
	};
	objectVersion = 50;
	objects = {

/* Begin PBXBuildFile section */
		B2EF7D782389287E004565D3 /* AppDelegate.swift in Sources */ = {isa = PBXBuildFile; fileRef = B2EF7D772389287E004565D3 /* AppDelegate.swift */; };
		B2EF7D7C2389287E004565D3 /* LaunchesListVC.swift in Sources */ = {isa = PBXBuildFile; fileRef = B2EF7D7B2389287E004565D3 /* LaunchesListVC.swift */; };
		B2EF7D8123892880004565D3 /* Assets.xcassets in Resources */ = {isa = PBXBuildFile; fileRef = B2EF7D8023892880004565D3 /* Assets.xcassets */; };
		B2EF7D8423892880004565D3 /* LaunchScreen.storyboard in Resources */ = {isa = PBXBuildFile; fileRef = B2EF7D8223892880004565D3 /* LaunchScreen.storyboard */; };
		B2EF7D8F23892881004565D3 /* Swift_RxSwift_MVVM_DemoTests.swift in Sources */ = {isa = PBXBuildFile; fileRef = B2EF7D8E23892881004565D3 /* Swift_RxSwift_MVVM_DemoTests.swift */; };
		B2EF7D9A23892881004565D3 /* Swift_RxSwift_MVVM_DemoUITests.swift in Sources */ = {isa = PBXBuildFile; fileRef = B2EF7D9923892881004565D3 /* Swift_RxSwift_MVVM_DemoUITests.swift */; };
		B2EF7DA823894F97004565D3 /* Readme.md in Resources */ = {isa = PBXBuildFile; fileRef = B2EF7DA723894F97004565D3 /* Readme.md */; };
		B2EF7DAB238957BA004565D3 /* RxSwift.framework in Frameworks */ = {isa = PBXBuildFile; fileRef = B2EF7DAA238957BA004565D3 /* RxSwift.framework */; };
		B2EF7DAC238957BA004565D3 /* RxSwift.framework in Embed Frameworks */ = {isa = PBXBuildFile; fileRef = B2EF7DAA238957BA004565D3 /* RxSwift.framework */; settings = {ATTRIBUTES = (CodeSignOnCopy, RemoveHeadersOnCopy, ); }; };
		B2EF7DB023895C85004565D3 /* LaunchesTableViewCell.swift in Sources */ = {isa = PBXBuildFile; fileRef = B2EF7DAF23895C84004565D3 /* LaunchesTableViewCell.swift */; };
		B2EF7DB5238966CB004565D3 /* Constants.swift in Sources */ = {isa = PBXBuildFile; fileRef = B2EF7DB4238966CB004565D3 /* Constants.swift */; };
		B2EF7DB8238A0318004565D3 /* APIClient.swift in Sources */ = {isa = PBXBuildFile; fileRef = B2EF7DB6238A0317004565D3 /* APIClient.swift */; };
		B2EF7DB9238A0318004565D3 /* APIRequest.swift in Sources */ = {isa = PBXBuildFile; fileRef = B2EF7DB7238A0318004565D3 /* APIRequest.swift */; };
		B2EF7DBB238A0557004565D3 /* LaunchModel.swift in Sources */ = {isa = PBXBuildFile; fileRef = B2EF7DBA238A0557004565D3 /* LaunchModel.swift */; };
		B2EF7DBD238A08C7004565D3 /* LaunchesListVCViewModel.swift in Sources */ = {isa = PBXBuildFile; fileRef = B2EF7DBC238A08C7004565D3 /* LaunchesListVCViewModel.swift */; };
		B2EF7DBF238A4ACB004565D3 /* RxCocoa.framework in Frameworks */ = {isa = PBXBuildFile; fileRef = B2EF7DBE238A4ACB004565D3 /* RxCocoa.framework */; };
		B2EF7DC0238A4ACB004565D3 /* RxCocoa.framework in Embed Frameworks */ = {isa = PBXBuildFile; fileRef = B2EF7DBE238A4ACB004565D3 /* RxCocoa.framework */; settings = {ATTRIBUTES = (CodeSignOnCopy, RemoveHeadersOnCopy, ); }; };
		B2EF7DC4238A4D2F004565D3 /* RxRelay.framework in Frameworks */ = {isa = PBXBuildFile; fileRef = B2EF7DC3238A4D2F004565D3 /* RxRelay.framework */; };
		B2EF7DC5238A4D2F004565D3 /* RxRelay.framework in Embed Frameworks */ = {isa = PBXBuildFile; fileRef = B2EF7DC3238A4D2F004565D3 /* RxRelay.framework */; settings = {ATTRIBUTES = (CodeSignOnCopy, RemoveHeadersOnCopy, ); }; };
/* End PBXBuildFile section */

/* Begin PBXContainerItemProxy section */
		B2EF7D8B23892881004565D3 /* PBXContainerItemProxy */ = {
			isa = PBXContainerItemProxy;
			containerPortal = B2EF7D6C2389287E004565D3 /* Project object */;
			proxyType = 1;
			remoteGlobalIDString = B2EF7D732389287E004565D3;
			remoteInfo = "Swift-RxSwift-MVVM-Demo";
		};
		B2EF7D9623892881004565D3 /* PBXContainerItemProxy */ = {
			isa = PBXContainerItemProxy;
			containerPortal = B2EF7D6C2389287E004565D3 /* Project object */;
			proxyType = 1;
			remoteGlobalIDString = B2EF7D732389287E004565D3;
			remoteInfo = "Swift-RxSwift-MVVM-Demo";
		};
/* End PBXContainerItemProxy section */

/* Begin PBXCopyFilesBuildPhase section */
		B2EF7DAD238957BA004565D3 /* Embed Frameworks */ = {
			isa = PBXCopyFilesBuildPhase;
			buildActionMask = 2147483647;
			dstPath = "";
			dstSubfolderSpec = 10;
			files = (
				B2EF7DC0238A4ACB004565D3 /* RxCocoa.framework in Embed Frameworks */,
				B2EF7DAC238957BA004565D3 /* RxSwift.framework in Embed Frameworks */,
				B2EF7DC5238A4D2F004565D3 /* RxRelay.framework in Embed Frameworks */,
			);
			name = "Embed Frameworks";
			runOnlyForDeploymentPostprocessing = 0;
		};
/* End PBXCopyFilesBuildPhase section */

/* Begin PBXFileReference section */
		B2EF7D742389287E004565D3 /* Swift-RxSwift-MVVM-Demo.app */ = {isa = PBXFileReference; explicitFileType = wrapper.application; includeInIndex = 0; path = "Swift-RxSwift-MVVM-Demo.app"; sourceTree = BUILT_PRODUCTS_DIR; };
		B2EF7D772389287E004565D3 /* AppDelegate.swift */ = {isa = PBXFileReference; lastKnownFileType = sourcecode.swift; path = AppDelegate.swift; sourceTree = "<group>"; };
		B2EF7D7B2389287E004565D3 /* LaunchesListVC.swift */ = {isa = PBXFileReference; lastKnownFileType = sourcecode.swift; path = LaunchesListVC.swift; sourceTree = "<group>"; };
		B2EF7D8023892880004565D3 /* Assets.xcassets */ = {isa = PBXFileReference; lastKnownFileType = folder.assetcatalog; path = Assets.xcassets; sourceTree = "<group>"; };
		B2EF7D8323892880004565D3 /* Base */ = {isa = PBXFileReference; lastKnownFileType = file.storyboard; name = Base; path = Base.lproj/LaunchScreen.storyboard; sourceTree = "<group>"; };
		B2EF7D8523892880004565D3 /* Info.plist */ = {isa = PBXFileReference; lastKnownFileType = text.plist.xml; path = Info.plist; sourceTree = "<group>"; };
		B2EF7D8A23892881004565D3 /* Swift-RxSwift-MVVM-DemoTests.xctest */ = {isa = PBXFileReference; explicitFileType = wrapper.cfbundle; includeInIndex = 0; path = "Swift-RxSwift-MVVM-DemoTests.xctest"; sourceTree = BUILT_PRODUCTS_DIR; };
		B2EF7D8E23892881004565D3 /* Swift_RxSwift_MVVM_DemoTests.swift */ = {isa = PBXFileReference; lastKnownFileType = sourcecode.swift; path = Swift_RxSwift_MVVM_DemoTests.swift; sourceTree = "<group>"; };
		B2EF7D9023892881004565D3 /* Info.plist */ = {isa = PBXFileReference; lastKnownFileType = text.plist.xml; path = Info.plist; sourceTree = "<group>"; };
		B2EF7D9523892881004565D3 /* Swift-RxSwift-MVVM-DemoUITests.xctest */ = {isa = PBXFileReference; explicitFileType = wrapper.cfbundle; includeInIndex = 0; path = "Swift-RxSwift-MVVM-DemoUITests.xctest"; sourceTree = BUILT_PRODUCTS_DIR; };
		B2EF7D9923892881004565D3 /* Swift_RxSwift_MVVM_DemoUITests.swift */ = {isa = PBXFileReference; lastKnownFileType = sourcecode.swift; path = Swift_RxSwift_MVVM_DemoUITests.swift; sourceTree = "<group>"; };
		B2EF7D9B23892881004565D3 /* Info.plist */ = {isa = PBXFileReference; lastKnownFileType = text.plist.xml; path = Info.plist; sourceTree = "<group>"; };
		B2EF7DA723894F97004565D3 /* Readme.md */ = {isa = PBXFileReference; lastKnownFileType = net.daringfireball.markdown; path = Readme.md; sourceTree = "<group>"; };
		B2EF7DAA238957BA004565D3 /* RxSwift.framework */ = {isa = PBXFileReference; lastKnownFileType = wrapper.framework; name = RxSwift.framework; path = Carthage/Build/iOS/RxSwift.framework; sourceTree = "<group>"; };
		B2EF7DAF23895C84004565D3 /* LaunchesTableViewCell.swift */ = {isa = PBXFileReference; fileEncoding = 4; lastKnownFileType = sourcecode.swift; path = LaunchesTableViewCell.swift; sourceTree = "<group>"; };
		B2EF7DB4238966CB004565D3 /* Constants.swift */ = {isa = PBXFileReference; fileEncoding = 4; lastKnownFileType = sourcecode.swift; path = Constants.swift; sourceTree = "<group>"; };
		B2EF7DB6238A0317004565D3 /* APIClient.swift */ = {isa = PBXFileReference; fileEncoding = 4; lastKnownFileType = sourcecode.swift; path = APIClient.swift; sourceTree = "<group>"; };
		B2EF7DB7238A0318004565D3 /* APIRequest.swift */ = {isa = PBXFileReference; fileEncoding = 4; lastKnownFileType = sourcecode.swift; path = APIRequest.swift; sourceTree = "<group>"; };
		B2EF7DBA238A0557004565D3 /* LaunchModel.swift */ = {isa = PBXFileReference; fileEncoding = 4; lastKnownFileType = sourcecode.swift; path = LaunchModel.swift; sourceTree = "<group>"; };
		B2EF7DBC238A08C7004565D3 /* LaunchesListVCViewModel.swift */ = {isa = PBXFileReference; lastKnownFileType = sourcecode.swift; path = LaunchesListVCViewModel.swift; sourceTree = "<group>"; };
		B2EF7DBE238A4ACB004565D3 /* RxCocoa.framework */ = {isa = PBXFileReference; lastKnownFileType = wrapper.framework; name = RxCocoa.framework; path = Carthage/Build/iOS/RxCocoa.framework; sourceTree = "<group>"; };
		B2EF7DC3238A4D2F004565D3 /* RxRelay.framework */ = {isa = PBXFileReference; lastKnownFileType = wrapper.framework; name = RxRelay.framework; path = Carthage/Build/iOS/RxRelay.framework; sourceTree = "<group>"; };
/* End PBXFileReference section */

/* Begin PBXFrameworksBuildPhase section */
		B2EF7D712389287E004565D3 /* Frameworks */ = {
			isa = PBXFrameworksBuildPhase;
			buildActionMask = 2147483647;
			files = (
				B2EF7DBF238A4ACB004565D3 /* RxCocoa.framework in Frameworks */,
				B2EF7DAB238957BA004565D3 /* RxSwift.framework in Frameworks */,
				B2EF7DC4238A4D2F004565D3 /* RxRelay.framework in Frameworks */,
			);
			runOnlyForDeploymentPostprocessing = 0;
		};
		B2EF7D8723892881004565D3 /* Frameworks */ = {
			isa = PBXFrameworksBuildPhase;
			buildActionMask = 2147483647;
			files = (
			);
			runOnlyForDeploymentPostprocessing = 0;
		};
		B2EF7D9223892881004565D3 /* Frameworks */ = {
			isa = PBXFrameworksBuildPhase;
			buildActionMask = 2147483647;
			files = (
			);
			runOnlyForDeploymentPostprocessing = 0;
		};
/* End PBXFrameworksBuildPhase section */

/* Begin PBXGroup section */
		B2EF7D6B2389287E004565D3 = {
			isa = PBXGroup;
			children = (
				B2EF7DA723894F97004565D3 /* Readme.md */,
				B2EF7D762389287E004565D3 /* Swift-RxSwift-MVVM-Demo */,
				B2EF7D8D23892881004565D3 /* Swift-RxSwift-MVVM-DemoTests */,
				B2EF7D9823892881004565D3 /* Swift-RxSwift-MVVM-DemoUITests */,
				B2EF7D752389287E004565D3 /* Products */,
				B2EF7DA9238957BA004565D3 /* Frameworks */,
			);
			sourceTree = "<group>";
		};
		B2EF7D752389287E004565D3 /* Products */ = {
			isa = PBXGroup;
			children = (
				B2EF7D742389287E004565D3 /* Swift-RxSwift-MVVM-Demo.app */,
				B2EF7D8A23892881004565D3 /* Swift-RxSwift-MVVM-DemoTests.xctest */,
				B2EF7D9523892881004565D3 /* Swift-RxSwift-MVVM-DemoUITests.xctest */,
			);
			name = Products;
			sourceTree = "<group>";
		};
		B2EF7D762389287E004565D3 /* Swift-RxSwift-MVVM-Demo */ = {
			isa = PBXGroup;
			children = (
				B2EF7D772389287E004565D3 /* AppDelegate.swift */,
				B2EF7DB4238966CB004565D3 /* Constants.swift */,
				B2EF7DB6238A0317004565D3 /* APIClient.swift */,
				B2EF7DB7238A0318004565D3 /* APIRequest.swift */,
				B2EF7DB123896656004565D3 /* Model */,
				B2EF7DB223896656004565D3 /* View */,
				B2EF7DB323896656004565D3 /* ViewModel */,
				B2EF7D8023892880004565D3 /* Assets.xcassets */,
				B2EF7D8223892880004565D3 /* LaunchScreen.storyboard */,
				B2EF7D8523892880004565D3 /* Info.plist */,
			);
			path = "Swift-RxSwift-MVVM-Demo";
			sourceTree = "<group>";
		};
		B2EF7D8D23892881004565D3 /* Swift-RxSwift-MVVM-DemoTests */ = {
			isa = PBXGroup;
			children = (
				B2EF7D8E23892881004565D3 /* Swift_RxSwift_MVVM_DemoTests.swift */,
				B2EF7D9023892881004565D3 /* Info.plist */,
			);
			path = "Swift-RxSwift-MVVM-DemoTests";
			sourceTree = "<group>";
		};
		B2EF7D9823892881004565D3 /* Swift-RxSwift-MVVM-DemoUITests */ = {
			isa = PBXGroup;
			children = (
				B2EF7D9923892881004565D3 /* Swift_RxSwift_MVVM_DemoUITests.swift */,
				B2EF7D9B23892881004565D3 /* Info.plist */,
			);
			path = "Swift-RxSwift-MVVM-DemoUITests";
			sourceTree = "<group>";
		};
		B2EF7DA9238957BA004565D3 /* Frameworks */ = {
			isa = PBXGroup;
			children = (
				B2EF7DC3238A4D2F004565D3 /* RxRelay.framework */,
				B2EF7DBE238A4ACB004565D3 /* RxCocoa.framework */,
				B2EF7DAA238957BA004565D3 /* RxSwift.framework */,
			);
			name = Frameworks;
			sourceTree = "<group>";
		};
		B2EF7DB123896656004565D3 /* Model */ = {
			isa = PBXGroup;
			children = (
				B2EF7DBA238A0557004565D3 /* LaunchModel.swift */,
			);
			path = Model;
			sourceTree = "<group>";
		};
		B2EF7DB223896656004565D3 /* View */ = {
			isa = PBXGroup;
			children = (
				B2EF7D7B2389287E004565D3 /* LaunchesListVC.swift */,
				B2EF7DAF23895C84004565D3 /* LaunchesTableViewCell.swift */,
			);
			path = View;
			sourceTree = "<group>";
		};
		B2EF7DB323896656004565D3 /* ViewModel */ = {
			isa = PBXGroup;
			children = (
				B2EF7DBC238A08C7004565D3 /* LaunchesListVCViewModel.swift */,
			);
			path = ViewModel;
			sourceTree = "<group>";
		};
/* End PBXGroup section */

/* Begin PBXNativeTarget section */
		B2EF7D732389287E004565D3 /* Swift-RxSwift-MVVM-Demo */ = {
			isa = PBXNativeTarget;
			buildConfigurationList = B2EF7D9E23892881004565D3 /* Build configuration list for PBXNativeTarget "Swift-RxSwift-MVVM-Demo" */;
			buildPhases = (
				B2EF7D702389287E004565D3 /* Sources */,
				B2EF7D712389287E004565D3 /* Frameworks */,
				B2EF7D722389287E004565D3 /* Resources */,
				B2EF7DAD238957BA004565D3 /* Embed Frameworks */,
				B2EF7DAE238958C1004565D3 /* ShellScript */,
			);
			buildRules = (
			);
			dependencies = (
			);
			name = "Swift-RxSwift-MVVM-Demo";
			productName = "Swift-RxSwift-MVVM-Demo";
			productReference = B2EF7D742389287E004565D3 /* Swift-RxSwift-MVVM-Demo.app */;
			productType = "com.apple.product-type.application";
		};
		B2EF7D8923892881004565D3 /* Swift-RxSwift-MVVM-DemoTests */ = {
			isa = PBXNativeTarget;
			buildConfigurationList = B2EF7DA123892881004565D3 /* Build configuration list for PBXNativeTarget "Swift-RxSwift-MVVM-DemoTests" */;
			buildPhases = (
				B2EF7D8623892881004565D3 /* Sources */,
				B2EF7D8723892881004565D3 /* Frameworks */,
				B2EF7D8823892881004565D3 /* Resources */,
			);
			buildRules = (
			);
			dependencies = (
				B2EF7D8C23892881004565D3 /* PBXTargetDependency */,
			);
			name = "Swift-RxSwift-MVVM-DemoTests";
			productName = "Swift-RxSwift-MVVM-DemoTests";
			productReference = B2EF7D8A23892881004565D3 /* Swift-RxSwift-MVVM-DemoTests.xctest */;
			productType = "com.apple.product-type.bundle.unit-test";
		};
		B2EF7D9423892881004565D3 /* Swift-RxSwift-MVVM-DemoUITests */ = {
			isa = PBXNativeTarget;
			buildConfigurationList = B2EF7DA423892881004565D3 /* Build configuration list for PBXNativeTarget "Swift-RxSwift-MVVM-DemoUITests" */;
			buildPhases = (
				B2EF7D9123892881004565D3 /* Sources */,
				B2EF7D9223892881004565D3 /* Frameworks */,
				B2EF7D9323892881004565D3 /* Resources */,
			);
			buildRules = (
			);
			dependencies = (
				B2EF7D9723892881004565D3 /* PBXTargetDependency */,
			);
			name = "Swift-RxSwift-MVVM-DemoUITests";
			productName = "Swift-RxSwift-MVVM-DemoUITests";
			productReference = B2EF7D9523892881004565D3 /* Swift-RxSwift-MVVM-DemoUITests.xctest */;
			productType = "com.apple.product-type.bundle.ui-testing";
		};
/* End PBXNativeTarget section */

/* Begin PBXProject section */
		B2EF7D6C2389287E004565D3 /* Project object */ = {
			isa = PBXProject;
			attributes = {
				LastSwiftUpdateCheck = 1110;
				LastUpgradeCheck = 1110;
				ORGANIZATIONNAME = Parth;
				TargetAttributes = {
					B2EF7D732389287E004565D3 = {
						CreatedOnToolsVersion = 11.1;
					};
					B2EF7D8923892881004565D3 = {
						CreatedOnToolsVersion = 11.1;
						TestTargetID = B2EF7D732389287E004565D3;
					};
					B2EF7D9423892881004565D3 = {
						CreatedOnToolsVersion = 11.1;
						TestTargetID = B2EF7D732389287E004565D3;
					};
				};
			};
			buildConfigurationList = B2EF7D6F2389287E004565D3 /* Build configuration list for PBXProject "Swift-RxSwift-MVVM-Demo" */;
			compatibilityVersion = "Xcode 9.3";
			developmentRegion = en;
			hasScannedForEncodings = 0;
			knownRegions = (
				en,
				Base,
			);
			mainGroup = B2EF7D6B2389287E004565D3;
			productRefGroup = B2EF7D752389287E004565D3 /* Products */;
			projectDirPath = "";
			projectRoot = "";
			targets = (
				B2EF7D732389287E004565D3 /* Swift-RxSwift-MVVM-Demo */,
				B2EF7D8923892881004565D3 /* Swift-RxSwift-MVVM-DemoTests */,
				B2EF7D9423892881004565D3 /* Swift-RxSwift-MVVM-DemoUITests */,
			);
		};
/* End PBXProject section */

/* Begin PBXResourcesBuildPhase section */
		B2EF7D722389287E004565D3 /* Resources */ = {
			isa = PBXResourcesBuildPhase;
			buildActionMask = 2147483647;
			files = (
				B2EF7D8423892880004565D3 /* LaunchScreen.storyboard in Resources */,
				B2EF7D8123892880004565D3 /* Assets.xcassets in Resources */,
				B2EF7DA823894F97004565D3 /* Readme.md in Resources */,
			);
			runOnlyForDeploymentPostprocessing = 0;
		};
		B2EF7D8823892881004565D3 /* Resources */ = {
			isa = PBXResourcesBuildPhase;
			buildActionMask = 2147483647;
			files = (
			);
			runOnlyForDeploymentPostprocessing = 0;
		};
		B2EF7D9323892881004565D3 /* Resources */ = {
			isa = PBXResourcesBuildPhase;
			buildActionMask = 2147483647;
			files = (
			);
			runOnlyForDeploymentPostprocessing = 0;
		};
/* End PBXResourcesBuildPhase section */

/* Begin PBXShellScriptBuildPhase section */
		B2EF7DAE238958C1004565D3 /* ShellScript */ = {
			isa = PBXShellScriptBuildPhase;
			buildActionMask = 2147483647;
			files = (
			);
			inputFileListPaths = (
			);
			inputPaths = (
				"$(SRCROOT)/Carthage/Build/iOS/RxSwift.framework",
				"$(SRCROOT)/Carthage/Build/iOS/RxCocoa.framework",
				"$(SRCROOT)/Carthage/Build/iOS/RxRelay.framework",
			);
			outputFileListPaths = (
			);
			outputPaths = (
			);
			runOnlyForDeploymentPostprocessing = 0;
			shellPath = /bin/sh;
			shellScript = "/usr/local/bin/carthage copy-frameworks\n";
		};
/* End PBXShellScriptBuildPhase section */

/* Begin PBXSourcesBuildPhase section */
		B2EF7D702389287E004565D3 /* Sources */ = {
			isa = PBXSourcesBuildPhase;
			buildActionMask = 2147483647;
			files = (
				B2EF7DB023895C85004565D3 /* LaunchesTableViewCell.swift in Sources */,
				B2EF7D7C2389287E004565D3 /* LaunchesListVC.swift in Sources */,
				B2EF7DBB238A0557004565D3 /* LaunchModel.swift in Sources */,
				B2EF7D782389287E004565D3 /* AppDelegate.swift in Sources */,
				B2EF7DBD238A08C7004565D3 /* LaunchesListVCViewModel.swift in Sources */,
				B2EF7DB8238A0318004565D3 /* APIClient.swift in Sources */,
				B2EF7DB9238A0318004565D3 /* APIRequest.swift in Sources */,
				B2EF7DB5238966CB004565D3 /* Constants.swift in Sources */,
			);
			runOnlyForDeploymentPostprocessing = 0;
		};
		B2EF7D8623892881004565D3 /* Sources */ = {
			isa = PBXSourcesBuildPhase;
			buildActionMask = 2147483647;
			files = (
				B2EF7D8F23892881004565D3 /* Swift_RxSwift_MVVM_DemoTests.swift in Sources */,
			);
			runOnlyForDeploymentPostprocessing = 0;
		};
		B2EF7D9123892881004565D3 /* Sources */ = {
			isa = PBXSourcesBuildPhase;
			buildActionMask = 2147483647;
			files = (
				B2EF7D9A23892881004565D3 /* Swift_RxSwift_MVVM_DemoUITests.swift in Sources */,
			);
			runOnlyForDeploymentPostprocessing = 0;
		};
/* End PBXSourcesBuildPhase section */

/* Begin PBXTargetDependency section */
		B2EF7D8C23892881004565D3 /* PBXTargetDependency */ = {
			isa = PBXTargetDependency;
			target = B2EF7D732389287E004565D3 /* Swift-RxSwift-MVVM-Demo */;
			targetProxy = B2EF7D8B23892881004565D3 /* PBXContainerItemProxy */;
		};
		B2EF7D9723892881004565D3 /* PBXTargetDependency */ = {
			isa = PBXTargetDependency;
			target = B2EF7D732389287E004565D3 /* Swift-RxSwift-MVVM-Demo */;
			targetProxy = B2EF7D9623892881004565D3 /* PBXContainerItemProxy */;
		};
/* End PBXTargetDependency section */

/* Begin PBXVariantGroup section */
		B2EF7D8223892880004565D3 /* LaunchScreen.storyboard */ = {
			isa = PBXVariantGroup;
			children = (
				B2EF7D8323892880004565D3 /* Base */,
			);
			name = LaunchScreen.storyboard;
			sourceTree = "<group>";
		};
/* End PBXVariantGroup section */

/* Begin XCBuildConfiguration section */
		B2EF7D9C23892881004565D3 /* Debug */ = {
			isa = XCBuildConfiguration;
			buildSettings = {
				ALWAYS_SEARCH_USER_PATHS = NO;
				CLANG_ANALYZER_NONNULL = YES;
				CLANG_ANALYZER_NUMBER_OBJECT_CONVERSION = YES_AGGRESSIVE;
				CLANG_CXX_LANGUAGE_STANDARD = "gnu++14";
				CLANG_CXX_LIBRARY = "libc++";
				CLANG_ENABLE_MODULES = YES;
				CLANG_ENABLE_OBJC_ARC = YES;
				CLANG_ENABLE_OBJC_WEAK = YES;
				CLANG_WARN_BLOCK_CAPTURE_AUTORELEASING = YES;
				CLANG_WARN_BOOL_CONVERSION = YES;
				CLANG_WARN_COMMA = YES;
				CLANG_WARN_CONSTANT_CONVERSION = YES;
				CLANG_WARN_DEPRECATED_OBJC_IMPLEMENTATIONS = YES;
				CLANG_WARN_DIRECT_OBJC_ISA_USAGE = YES_ERROR;
				CLANG_WARN_DOCUMENTATION_COMMENTS = YES;
				CLANG_WARN_EMPTY_BODY = YES;
				CLANG_WARN_ENUM_CONVERSION = YES;
				CLANG_WARN_INFINITE_RECURSION = YES;
				CLANG_WARN_INT_CONVERSION = YES;
				CLANG_WARN_NON_LITERAL_NULL_CONVERSION = YES;
				CLANG_WARN_OBJC_IMPLICIT_RETAIN_SELF = YES;
				CLANG_WARN_OBJC_LITERAL_CONVERSION = YES;
				CLANG_WARN_OBJC_ROOT_CLASS = YES_ERROR;
				CLANG_WARN_RANGE_LOOP_ANALYSIS = YES;
				CLANG_WARN_STRICT_PROTOTYPES = YES;
				CLANG_WARN_SUSPICIOUS_MOVE = YES;
				CLANG_WARN_UNGUARDED_AVAILABILITY = YES_AGGRESSIVE;
				CLANG_WARN_UNREACHABLE_CODE = YES;
				CLANG_WARN__DUPLICATE_METHOD_MATCH = YES;
				COPY_PHASE_STRIP = NO;
				DEBUG_INFORMATION_FORMAT = dwarf;
				ENABLE_STRICT_OBJC_MSGSEND = YES;
				ENABLE_TESTABILITY = YES;
				GCC_C_LANGUAGE_STANDARD = gnu11;
				GCC_DYNAMIC_NO_PIC = NO;
				GCC_NO_COMMON_BLOCKS = YES;
				GCC_OPTIMIZATION_LEVEL = 0;
				GCC_PREPROCESSOR_DEFINITIONS = (
					"DEBUG=1",
					"$(inherited)",
				);
				GCC_WARN_64_TO_32_BIT_CONVERSION = YES;
				GCC_WARN_ABOUT_RETURN_TYPE = YES_ERROR;
				GCC_WARN_UNDECLARED_SELECTOR = YES;
				GCC_WARN_UNINITIALIZED_AUTOS = YES_AGGRESSIVE;
				GCC_WARN_UNUSED_FUNCTION = YES;
				GCC_WARN_UNUSED_VARIABLE = YES;
				IPHONEOS_DEPLOYMENT_TARGET = 13.1;
				MTL_ENABLE_DEBUG_INFO = INCLUDE_SOURCE;
				MTL_FAST_MATH = YES;
				ONLY_ACTIVE_ARCH = YES;
				SDKROOT = iphoneos;
				SWIFT_ACTIVE_COMPILATION_CONDITIONS = DEBUG;
				SWIFT_OPTIMIZATION_LEVEL = "-Onone";
			};
			name = Debug;
		};
		B2EF7D9D23892881004565D3 /* Release */ = {
			isa = XCBuildConfiguration;
			buildSettings = {
				ALWAYS_SEARCH_USER_PATHS = NO;
				CLANG_ANALYZER_NONNULL = YES;
				CLANG_ANALYZER_NUMBER_OBJECT_CONVERSION = YES_AGGRESSIVE;
				CLANG_CXX_LANGUAGE_STANDARD = "gnu++14";
				CLANG_CXX_LIBRARY = "libc++";
				CLANG_ENABLE_MODULES = YES;
				CLANG_ENABLE_OBJC_ARC = YES;
				CLANG_ENABLE_OBJC_WEAK = YES;
				CLANG_WARN_BLOCK_CAPTURE_AUTORELEASING = YES;
				CLANG_WARN_BOOL_CONVERSION = YES;
				CLANG_WARN_COMMA = YES;
				CLANG_WARN_CONSTANT_CONVERSION = YES;
				CLANG_WARN_DEPRECATED_OBJC_IMPLEMENTATIONS = YES;
				CLANG_WARN_DIRECT_OBJC_ISA_USAGE = YES_ERROR;
				CLANG_WARN_DOCUMENTATION_COMMENTS = YES;
				CLANG_WARN_EMPTY_BODY = YES;
				CLANG_WARN_ENUM_CONVERSION = YES;
				CLANG_WARN_INFINITE_RECURSION = YES;
				CLANG_WARN_INT_CONVERSION = YES;
				CLANG_WARN_NON_LITERAL_NULL_CONVERSION = YES;
				CLANG_WARN_OBJC_IMPLICIT_RETAIN_SELF = YES;
				CLANG_WARN_OBJC_LITERAL_CONVERSION = YES;
				CLANG_WARN_OBJC_ROOT_CLASS = YES_ERROR;
				CLANG_WARN_RANGE_LOOP_ANALYSIS = YES;
				CLANG_WARN_STRICT_PROTOTYPES = YES;
				CLANG_WARN_SUSPICIOUS_MOVE = YES;
				CLANG_WARN_UNGUARDED_AVAILABILITY = YES_AGGRESSIVE;
				CLANG_WARN_UNREACHABLE_CODE = YES;
				CLANG_WARN__DUPLICATE_METHOD_MATCH = YES;
				COPY_PHASE_STRIP = NO;
				DEBUG_INFORMATION_FORMAT = "dwarf-with-dsym";
				ENABLE_NS_ASSERTIONS = NO;
				ENABLE_STRICT_OBJC_MSGSEND = YES;
				GCC_C_LANGUAGE_STANDARD = gnu11;
				GCC_NO_COMMON_BLOCKS = YES;
				GCC_WARN_64_TO_32_BIT_CONVERSION = YES;
				GCC_WARN_ABOUT_RETURN_TYPE = YES_ERROR;
				GCC_WARN_UNDECLARED_SELECTOR = YES;
				GCC_WARN_UNINITIALIZED_AUTOS = YES_AGGRESSIVE;
				GCC_WARN_UNUSED_FUNCTION = YES;
				GCC_WARN_UNUSED_VARIABLE = YES;
				IPHONEOS_DEPLOYMENT_TARGET = 13.1;
				MTL_ENABLE_DEBUG_INFO = NO;
				MTL_FAST_MATH = YES;
				SDKROOT = iphoneos;
				SWIFT_COMPILATION_MODE = wholemodule;
				SWIFT_OPTIMIZATION_LEVEL = "-O";
				VALIDATE_PRODUCT = YES;
			};
			name = Release;
		};
		B2EF7D9F23892881004565D3 /* Debug */ = {
			isa = XCBuildConfiguration;
			buildSettings = {
				ASSETCATALOG_COMPILER_APPICON_NAME = AppIcon;
				CODE_SIGN_STYLE = Automatic;
				FRAMEWORK_SEARCH_PATHS = (
					"$(inherited)",
					"$(PROJECT_DIR)/Carthage/Build/iOS",
				);
				INFOPLIST_FILE = "Swift-RxSwift-MVVM-Demo/Info.plist";
				IPHONEOS_DEPLOYMENT_TARGET = 11.0;
				LD_RUNPATH_SEARCH_PATHS = (
					"$(inherited)",
					"@executable_path/Frameworks",
				);
				PRODUCT_BUNDLE_IDENTIFIER = "com.ParthContractor.Swift-RxSwift-MVVM-Demo";
				PRODUCT_NAME = "$(TARGET_NAME)";
				SWIFT_VERSION = 5.0;
				TARGETED_DEVICE_FAMILY = "1,2";
			};
			name = Debug;
		};
		B2EF7DA023892881004565D3 /* Release */ = {
			isa = XCBuildConfiguration;
			buildSettings = {
				ASSETCATALOG_COMPILER_APPICON_NAME = AppIcon;
				CODE_SIGN_STYLE = Automatic;
				FRAMEWORK_SEARCH_PATHS = (
					"$(inherited)",
					"$(PROJECT_DIR)/Carthage/Build/iOS",
				);
				INFOPLIST_FILE = "Swift-RxSwift-MVVM-Demo/Info.plist";
				IPHONEOS_DEPLOYMENT_TARGET = 11.0;
				LD_RUNPATH_SEARCH_PATHS = (
					"$(inherited)",
					"@executable_path/Frameworks",
				);
				PRODUCT_BUNDLE_IDENTIFIER = "com.ParthContractor.Swift-RxSwift-MVVM-Demo";
				PRODUCT_NAME = "$(TARGET_NAME)";
				SWIFT_VERSION = 5.0;
				TARGETED_DEVICE_FAMILY = "1,2";
			};
			name = Release;
		};
		B2EF7DA223892881004565D3 /* Debug */ = {
			isa = XCBuildConfiguration;
			buildSettings = {
				ALWAYS_EMBED_SWIFT_STANDARD_LIBRARIES = YES;
				BUNDLE_LOADER = "$(TEST_HOST)";
				CODE_SIGN_STYLE = Automatic;
				INFOPLIST_FILE = "Swift-RxSwift-MVVM-DemoTests/Info.plist";
				IPHONEOS_DEPLOYMENT_TARGET = 13.1;
				LD_RUNPATH_SEARCH_PATHS = (
					"$(inherited)",
					"@executable_path/Frameworks",
					"@loader_path/Frameworks",
				);
				PRODUCT_BUNDLE_IDENTIFIER = "com.ParthContractor.Swift-RxSwift-MVVM-DemoTests";
				PRODUCT_NAME = "$(TARGET_NAME)";
				SWIFT_VERSION = 5.0;
				TARGETED_DEVICE_FAMILY = "1,2";
				TEST_HOST = "$(BUILT_PRODUCTS_DIR)/Swift-RxSwift-MVVM-Demo.app/Swift-RxSwift-MVVM-Demo";
			};
			name = Debug;
		};
		B2EF7DA323892881004565D3 /* Release */ = {
			isa = XCBuildConfiguration;
			buildSettings = {
				ALWAYS_EMBED_SWIFT_STANDARD_LIBRARIES = YES;
				BUNDLE_LOADER = "$(TEST_HOST)";
				CODE_SIGN_STYLE = Automatic;
				INFOPLIST_FILE = "Swift-RxSwift-MVVM-DemoTests/Info.plist";
				IPHONEOS_DEPLOYMENT_TARGET = 13.1;
				LD_RUNPATH_SEARCH_PATHS = (
					"$(inherited)",
					"@executable_path/Frameworks",
					"@loader_path/Frameworks",
				);
				PRODUCT_BUNDLE_IDENTIFIER = "com.ParthContractor.Swift-RxSwift-MVVM-DemoTests";
				PRODUCT_NAME = "$(TARGET_NAME)";
				SWIFT_VERSION = 5.0;
				TARGETED_DEVICE_FAMILY = "1,2";
				TEST_HOST = "$(BUILT_PRODUCTS_DIR)/Swift-RxSwift-MVVM-Demo.app/Swift-RxSwift-MVVM-Demo";
			};
			name = Release;
		};
		B2EF7DA523892881004565D3 /* Debug */ = {
			isa = XCBuildConfiguration;
			buildSettings = {
				ALWAYS_EMBED_SWIFT_STANDARD_LIBRARIES = YES;
				CODE_SIGN_STYLE = Automatic;
				INFOPLIST_FILE = "Swift-RxSwift-MVVM-DemoUITests/Info.plist";
				LD_RUNPATH_SEARCH_PATHS = (
					"$(inherited)",
					"@executable_path/Frameworks",
					"@loader_path/Frameworks",
				);
				PRODUCT_BUNDLE_IDENTIFIER = "com.ParthContractor.Swift-RxSwift-MVVM-DemoUITests";
				PRODUCT_NAME = "$(TARGET_NAME)";
				SWIFT_VERSION = 5.0;
				TARGETED_DEVICE_FAMILY = "1,2";
				TEST_TARGET_NAME = "Swift-RxSwift-MVVM-Demo";
			};
			name = Debug;
		};
		B2EF7DA623892881004565D3 /* Release */ = {
			isa = XCBuildConfiguration;
			buildSettings = {
				ALWAYS_EMBED_SWIFT_STANDARD_LIBRARIES = YES;
				CODE_SIGN_STYLE = Automatic;
				INFOPLIST_FILE = "Swift-RxSwift-MVVM-DemoUITests/Info.plist";
				LD_RUNPATH_SEARCH_PATHS = (
					"$(inherited)",
					"@executable_path/Frameworks",
					"@loader_path/Frameworks",
				);
				PRODUCT_BUNDLE_IDENTIFIER = "com.ParthContractor.Swift-RxSwift-MVVM-DemoUITests";
				PRODUCT_NAME = "$(TARGET_NAME)";
				SWIFT_VERSION = 5.0;
				TARGETED_DEVICE_FAMILY = "1,2";
				TEST_TARGET_NAME = "Swift-RxSwift-MVVM-Demo";
			};
			name = Release;
		};
/* End XCBuildConfiguration section */

/* Begin XCConfigurationList section */
		B2EF7D6F2389287E004565D3 /* Build configuration list for PBXProject "Swift-RxSwift-MVVM-Demo" */ = {
			isa = XCConfigurationList;
			buildConfigurations = (
				B2EF7D9C23892881004565D3 /* Debug */,
				B2EF7D9D23892881004565D3 /* Release */,
			);
			defaultConfigurationIsVisible = 0;
			defaultConfigurationName = Release;
		};
		B2EF7D9E23892881004565D3 /* Build configuration list for PBXNativeTarget "Swift-RxSwift-MVVM-Demo" */ = {
			isa = XCConfigurationList;
			buildConfigurations = (
				B2EF7D9F23892881004565D3 /* Debug */,
				B2EF7DA023892881004565D3 /* Release */,
			);
			defaultConfigurationIsVisible = 0;
			defaultConfigurationName = Release;
		};
		B2EF7DA123892881004565D3 /* Build configuration list for PBXNativeTarget "Swift-RxSwift-MVVM-DemoTests" */ = {
			isa = XCConfigurationList;
			buildConfigurations = (
				B2EF7DA223892881004565D3 /* Debug */,
				B2EF7DA323892881004565D3 /* Release */,
			);
			defaultConfigurationIsVisible = 0;
			defaultConfigurationName = Release;
		};
		B2EF7DA423892881004565D3 /* Build configuration list for PBXNativeTarget "Swift-RxSwift-MVVM-DemoUITests" */ = {
			isa = XCConfigurationList;
			buildConfigurations = (
				B2EF7DA523892881004565D3 /* Debug */,
				B2EF7DA623892881004565D3 /* Release */,
			);
			defaultConfigurationIsVisible = 0;
			defaultConfigurationName = Release;
		};
/* End XCConfigurationList section */
	};
	rootObject = B2EF7D6C2389287E004565D3 /* Project object */;
}
